
Microsoft Visual Studio Solution File, Format Version 12.00
# Visual Studio Version 16
VisualStudioVersion = 16.0.32602.291
MinimumVisualStudioVersion = 10.0.40219.1
Project("{FAE04EC0-301F-11D3-BF4B-00C04F79EFBC}") = "EssentialCSharp", "EssentialCSharp.csproj", "{ABF237F9-15F0-4420-99FB-0CCF20A03047}"
EndProject
Global
	GlobalSection(SolutionConfigurationPlatforms) = preSolution
		Debug|Any CPU = Debug|Any CPU
		Release|Any CPU = Release|Any CPU
	EndGlobalSection
	GlobalSection(ProjectConfigurationPlatforms) = postSolution
		{ABF237F9-15F0-4420-99FB-0CCF20A03047}.Debug|Any CPU.ActiveCfg = Debug|Any CPU
		{ABF237F9-15F0-4420-99FB-0CCF20A03047}.Debug|Any CPU.Build.0 = Debug|Any CPU
		{ABF237F9-15F0-4420-99FB-0CCF20A03047}.Release|Any CPU.ActiveCfg = Release|Any CPU
		{ABF237F9-15F0-4420-99FB-0CCF20A03047}.Release|Any CPU.Build.0 = Release|Any CPU
	EndGlobalSection
	GlobalSection(SolutionProperties) = preSolution
		HideSolutionNode = FALSE
	EndGlobalSection
	GlobalSection(ExtensibilityGlobals) = postSolution
		SolutionGuid = {E1C74B65-2C24-4176-BE1B-D7BB11E635BB}
	EndGlobalSection
EndGlobal
